dependencies:
  I2CHelper:
    component_hash: f83538ab4264a78bafab629831982920e2dd490821c9a414ae12c298e7068699
    source:
      git: https://github.com/alitaroosheh/InterThings.git
      path: I2CHelper
      type: git
    version: 6bf03cb6bb31851ce9fd2c98404e494da8350bb9
  IAQHelper:
    component_hash: 53fd4b515391ff14c763e116c72be1d70d341923e2197e6a7357b78375f060f9
    source:
      git: https://github.com/alitaroosheh/InterThings.git
      path: IAQHelper
      type: git
    version: 6bf03cb6bb31851ce9fd2c98404e494da8350bb9
  WiFiHelper:
    component_hash: 9cef12fd2843d433b9cf5c2cd742db5ecf7ad4c922dc34d7e2a0d78ae7d26fe3
    source:
      git: https://github.com/alitaroosheh/InterThings.git
      path: WiFiHelper
      type: git
    version: 6bf03cb6bb31851ce9fd2c98404e494da8350bb9
  idf:
    component_hash: null
    source:
      type: idf
    version: 5.2.2
manifest_hash: d2f6f371a858cbbb2d0b404b5eda5dc77455c197b5d0065db43a76694f0dd313
target: esp32s3
version: 1.0.0
