dependencies:
  I2CHelper:
    component_hash: 906822f6e02df8defdb5de14f2a81be995bf6fd92f9e6e844da04848fc804de0
    source:
      git: https://github.com/alitaroosheh/InterThings.git
      path: I2CHelper
      type: git
    version: 64ff43404205d541a3b8b7108b47166fbeef1365
  IAQHelper:
    component_hash: 4211610db36a3f5d85bba6dceb583468383c454a4e0c6e34360ffe9033c54de8
    source:
      git: https://github.com/alitaroosheh/InterThings.git
      path: IAQHelper
      type: git
    version: 64ff43404205d541a3b8b7108b47166fbeef1365
  IOHelper:
    component_hash: 3e9776421afe8a89fceca7c1e88fe35d94d519bd091d10b0f616e28d78a2cd0b
    source:
      git: https://github.com/alitaroosheh/InterThings.git
      path: IOHelper
      type: git
    version: 64ff43404205d541a3b8b7108b47166fbeef1365
  NVSHelper:
    component_hash: bbe9259c564f833d8a2bfb192520f3da08478214a55ead5dc00b5151a627b901
    source:
      git: https://github.com/alitaroosheh/InterThings.git
      path: NVSHelper
      type: git
    version: 64ff43404205d541a3b8b7108b47166fbeef1365
  Utilities:
    component_hash: e345fd083ac97dab67083be100b89ca67684179b176a1649c02b3eb37301c0b8
    source:
      git: https://github.com/alitaroosheh/InterThings.git
      path: Utilities
      type: git
    version: 64ff43404205d541a3b8b7108b47166fbeef1365
  WiFiHelper:
    component_hash: 8124dd07951c333ad282a0d86506191b447f9f07751647eeca61d232ff30293e
    source:
      git: https://github.com/alitaroosheh/InterThings.git
      path: WiFiHelper
      type: git
    version: 64ff43404205d541a3b8b7108b47166fbeef1365
  idf:
    component_hash: null
    source:
      type: idf
    version: 5.2.2
manifest_hash: 880816fc8c483f6c0ee24b08859b938cc00bb73741d431a8694cc97772d01d1a
target: esp32s3
version: 1.0.0
